// !$*UTF8*$!
{
	archiveVersion = 1;
	classes = {
	};
	objectVersion = 56;
	objects = {

/* Begin PBXBuildFile section */
		A46FE0232BD6EFC50045977A /* raylib.entitlements in CopyFiles */ = {isa = PBXBuildFile; fileRef = A46FE0222BD6EFC50045977A /* raylib.entitlements */; };
		A46FE0252BD6EFC50045977A /* libraylib.a in Frameworks */ = {isa = PBXBuildFile; fileRef = A46FE0242BD6EFC50045977A /* libraylib.a */; };
		A46FE0632BD701B90045977A /* main.c in Sources */ = {isa = PBXBuildFile; fileRef = A46FE0622BD701B90045977A /* main.c */; };
		A46FE07E2BD702300045977A /* Graph.c in Sources */ = {isa = PBXBuildFile; fileRef = A46FE02F2BD6F0440045977A /* Graph.c */; };
		A46FE0972BD708F10045977A /* main.c in Sources */ = {isa = PBXBuildFile; fileRef = A46FE0962BD708F10045977A /* main.c */; };
		A46FE0982BD708F10045977A /* main.c in Sources */ = {isa = PBXBuildFile; fileRef = A46FE0962BD708F10045977A /* main.c */; };
		A46FE0992BD709F80045977A /* Graph.c in Sources */ = {isa = PBXBuildFile; fileRef = A46FE02F2BD6F0440045977A /* Graph.c */; };
		A46FE09C2BD733780045977A /* Graph.c in Sources */ = {isa = PBXBuildFile; fileRef = A46FE02F2BD6F0440045977A /* Graph.c */; };
		A46FE0C22BD86C0F0045977A /* BvhTreeDraw.c in Sources */ = {isa = PBXBuildFile; fileRef = A46FE0C12BD86C0F0045977A /* BvhTreeDraw.c */; };
		A46FE0C52BD8711D0045977A /* LongestAxis.c in Sources */ = {isa = PBXBuildFile; fileRef = A46FE0C42BD8711D0045977A /* LongestAxis.c */; };
		A46FE0CC2BD89D4B0045977A /* BvhTreeCreateFree.c in Sources */ = {isa = PBXBuildFile; fileRef = A46FE0CB2BD89D4B0045977A /* BvhTreeCreateFree.c */; };
		A46FE0CE2BD89ED10045977A /* BvhCheckCollision.c in Sources */ = {isa = PBXBuildFile; fileRef = A46FE0CD2BD89ED00045977A /* BvhCheckCollision.c */; };
		A46FE0D62BD9901E0045977A /* GraphSketchCreateFree.c in Sources */ = {isa = PBXBuildFile; fileRef = A46FE0D52BD9901E0045977A /* GraphSketchCreateFree.c */; };
		A46FE0D72BD9901E0045977A /* GraphSketchCreateFree.c in Sources */ = {isa = PBXBuildFile; fileRef = A46FE0D52BD9901E0045977A /* GraphSketchCreateFree.c */; };
		A46FE0D92BD99ADB0045977A /* GraphSketchDraw.c in Sources */ = {isa = PBXBuildFile; fileRef = A46FE0D82BD99ADB0045977A /* GraphSketchDraw.c */; };
		A46FE0DA2BD99ADB0045977A /* GraphSketchDraw.c in Sources */ = {isa = PBXBuildFile; fileRef = A46FE0D82BD99ADB0045977A /* GraphSketchDraw.c */; };
		A46FE0DC2BD99B780045977A /* GraphSketchUpdate.c in Sources */ = {isa = PBXBuildFile; fileRef = A46FE0DB2BD99B780045977A /* GraphSketchUpdate.c */; };
		A46FE0DD2BD99B780045977A /* GraphSketchUpdate.c in Sources */ = {isa = PBXBuildFile; fileRef = A46FE0DB2BD99B780045977A /* GraphSketchUpdate.c */; };
		A4751E232BD99F9300387100 /* GraphSketchCreateFree.c in Sources */ = {isa = PBXBuildFile; fileRef = A46FE0D52BD9901E0045977A /* GraphSketchCreateFree.c */; };
		A4751E242BD99F9300387100 /* GraphSketchUpdate.c in Sources */ = {isa = PBXBuildFile; fileRef = A46FE0DB2BD99B780045977A /* GraphSketchUpdate.c */; };
		A4751E2E2BD9A0DA00387100 /* Primitive.c in Sources */ = {isa = PBXBuildFile; fileRef = A4751E2D2BD9A0DA00387100 /* Primitive.c */; };
		A4751E2F2BD9A0DA00387100 /* Primitive.c in Sources */ = {isa = PBXBuildFile; fileRef = A4751E2D2BD9A0DA00387100 /* Primitive.c */; };
		A4751E302BD9A0DA00387100 /* Primitive.c in Sources */ = {isa = PBXBuildFile; fileRef = A4751E2D2BD9A0DA00387100 /* Primitive.c */; };
		A4751E312BD9A3E600387100 /* LongestAxis.c in Sources */ = {isa = PBXBuildFile; fileRef = A46FE0C42BD8711D0045977A /* LongestAxis.c */; };
		A4751E322BD9A3E600387100 /* BvhTreeCreateFree.c in Sources */ = {isa = PBXBuildFile; fileRef = A46FE0CB2BD89D4B0045977A /* BvhTreeCreateFree.c */; };
		A4751E332BD9A3E600387100 /* BvhCheckCollision.c in Sources */ = {isa = PBXBuildFile; fileRef = A46FE0CD2BD89ED00045977A /* BvhCheckCollision.c */; };
		A4751E402BDAE1C500387100 /* SceneController.c in Sources */ = {isa = PBXBuildFile; fileRef = A4751E3F2BDAE1C500387100 /* SceneController.c */; };
/* End PBXBuildFile section */

/* Begin PBXCopyFilesBuildPhase section */
		A46FE01B2BD6EFC50045977A /* CopyFiles */ = {
			isa = PBXCopyFilesBuildPhase;
			buildActionMask = 2147483647;
			dstPath = /usr/share/man/man1/;
			dstSubfolderSpec = 0;
			files = (
				A46FE0232BD6EFC50045977A /* raylib.entitlements in CopyFiles */,
			);
			runOnlyForDeploymentPostprocessing = 1;
		};
		A46FE0662BD701F90045977A /* CopyFiles */ = {
			isa = PBXCopyFilesBuildPhase;
			buildActionMask = 2147483647;
			dstPath = /usr/share/man/man1/;
			dstSubfolderSpec = 0;
			files = (
			);
			runOnlyForDeploymentPostprocessing = 1;
		};
		A46FE0812BD705BD0045977A /* CopyFiles */ = {
			isa = PBXCopyFilesBuildPhase;
			buildActionMask = 2147483647;
			dstPath = /usr/share/man/man1/;
			dstSubfolderSpec = 0;
			files = (
			);
			runOnlyForDeploymentPostprocessing = 1;
		};
/* End PBXCopyFilesBuildPhase section */

/* Begin PBXFileReference section */
		A46FE01D2BD6EFC50045977A /* Graph Theorist Sketchpad */ = {isa = PBXFileReference; explicitFileType = "compiled.mach-o.executable"; includeInIndex = 0; path = "Graph Theorist Sketchpad"; sourceTree = BUILT_PRODUCTS_DIR; };
		A46FE0222BD6EFC50045977A /* raylib.entitlements */ = {isa = PBXFileReference; lastKnownFileType = text.plist.entitlements; path = raylib.entitlements; sourceTree = "<group>"; };
		A46FE0242BD6EFC50045977A /* libraylib.a */ = {isa = PBXFileReference; lastKnownFileType = archive.ar; name = libraylib.a; path = /opt/homebrew/Cellar/raylib/5.0/lib/libraylib.a; sourceTree = "<absolute>"; };
		A46FE02E2BD6F0440045977A /* Graph.h */ = {isa = PBXFileReference; lastKnownFileType = sourcecode.c.h; path = Graph.h; sourceTree = "<group>"; };
		A46FE02F2BD6F0440045977A /* Graph.c */ = {isa = PBXFileReference; lastKnownFileType = sourcecode.c.c; path = Graph.c; sourceTree = "<group>"; };
		A46FE0622BD701B90045977A /* main.c */ = {isa = PBXFileReference; lastKnownFileType = sourcecode.c.c; path = main.c; sourceTree = "<group>"; };
		A46FE0682BD701F90045977A /* Graph */ = {isa = PBXFileReference; explicitFileType = "compiled.mach-o.executable"; includeInIndex = 0; path = Graph; sourceTree = BUILT_PRODUCTS_DIR; };
		A46FE0832BD705BD0045977A /* Tests */ = {isa = PBXFileReference; explicitFileType = "compiled.mach-o.executable"; includeInIndex = 0; path = Tests; sourceTree = BUILT_PRODUCTS_DIR; };
		A46FE0902BD706570045977A /* GraphTests.h */ = {isa = PBXFileReference; lastKnownFileType = sourcecode.c.h; path = GraphTests.h; sourceTree = "<group>"; };
		A46FE0962BD708F10045977A /* main.c */ = {isa = PBXFileReference; lastKnownFileType = sourcecode.c.c; path = main.c; sourceTree = "<group>"; };
		A46FE0BB2BD868380045977A /* Primitive.h */ = {isa = PBXFileReference; lastKnownFileType = sourcecode.c.h; path = Primitive.h; sourceTree = "<group>"; };
		A46FE0C02BD86C0F0045977A /* BvhTree.h */ = {isa = PBXFileReference; lastKnownFileType = sourcecode.c.h; path = BvhTree.h; sourceTree = "<group>"; };
		A46FE0C12BD86C0F0045977A /* BvhTreeDraw.c */ = {isa = PBXFileReference; lastKnownFileType = sourcecode.c.c; path = BvhTreeDraw.c; sourceTree = "<group>"; };
		A46FE0C32BD8711D0045977A /* LongestAxis.h */ = {isa = PBXFileReference; lastKnownFileType = sourcecode.c.h; path = LongestAxis.h; sourceTree = "<group>"; };
		A46FE0C42BD8711D0045977A /* LongestAxis.c */ = {isa = PBXFileReference; lastKnownFileType = sourcecode.c.c; path = LongestAxis.c; sourceTree = "<group>"; };
		A46FE0CB2BD89D4B0045977A /* BvhTreeCreateFree.c */ = {isa = PBXFileReference; lastKnownFileType = sourcecode.c.c; path = BvhTreeCreateFree.c; sourceTree = "<group>"; };
		A46FE0CD2BD89ED00045977A /* BvhCheckCollision.c */ = {isa = PBXFileReference; lastKnownFileType = sourcecode.c.c; path = BvhCheckCollision.c; sourceTree = "<group>"; };
		A46FE0D52BD9901E0045977A /* GraphSketchCreateFree.c */ = {isa = PBXFileReference; lastKnownFileType = sourcecode.c.c; path = GraphSketchCreateFree.c; sourceTree = "<group>"; };
		A46FE0D82BD99ADB0045977A /* GraphSketchDraw.c */ = {isa = PBXFileReference; lastKnownFileType = sourcecode.c.c; path = GraphSketchDraw.c; sourceTree = "<group>"; };
		A46FE0DB2BD99B780045977A /* GraphSketchUpdate.c */ = {isa = PBXFileReference; lastKnownFileType = sourcecode.c.c; path = GraphSketchUpdate.c; sourceTree = "<group>"; };
		A46FE0DE2BD99D890045977A /* GraphSketch.h */ = {isa = PBXFileReference; lastKnownFileType = sourcecode.c.h; path = GraphSketch.h; sourceTree = "<group>"; };
		A4751E282BD99FEE00387100 /* GraphSketchTests.h */ = {isa = PBXFileReference; lastKnownFileType = sourcecode.c.h; path = GraphSketchTests.h; sourceTree = "<group>"; };
		A4751E2D2BD9A0DA00387100 /* Primitive.c */ = {isa = PBXFileReference; lastKnownFileType = sourcecode.c.c; path = Primitive.c; sourceTree = "<group>"; };
		A4751E3E2BDAE1C500387100 /* SceneController.h */ = {isa = PBXFileReference; lastKnownFileType = sourcecode.c.h; path = SceneController.h; sourceTree = "<group>"; };
		A4751E3F2BDAE1C500387100 /* SceneController.c */ = {isa = PBXFileReference; lastKnownFileType = sourcecode.c.c; path = SceneController.c; sourceTree = "<group>"; };
/* End PBXFileReference section */

/* Begin PBXFrameworksBuildPhase section */
		A46FE01A2BD6EFC50045977A /* Frameworks */ = {
			isa = PBXFrameworksBuildPhase;
			buildActionMask = 2147483647;
			files = (
				A46FE0252BD6EFC50045977A /* libraylib.a in Frameworks */,
			);
			runOnlyForDeploymentPostprocessing = 0;
		};
		A46FE0652BD701F90045977A /* Frameworks */ = {
			isa = PBXFrameworksBuildPhase;
			buildActionMask = 2147483647;
			files = (
			);
			runOnlyForDeploymentPostprocessing = 0;
		};
		A46FE0802BD705BD0045977A /* Frameworks */ = {
			isa = PBXFrameworksBuildPhase;
			buildActionMask = 2147483647;
			files = (
			);
			runOnlyForDeploymentPostprocessing = 0;
		};
/* End PBXFrameworksBuildPhase section */

/* Begin PBXGroup section */
		A46FE0142BD6EFC50045977A = {
			isa = PBXGroup;
			children = (
				A46FE01F2BD6EFC50045977A /* Graph Theorist Sketchpad */,
				A46FE0692BD701F90045977A /* Graph */,
				A46FE0842BD705BD0045977A /* Tests */,
				A46FE01E2BD6EFC50045977A /* Products */,
				A4751E3B2BDABE2800387100 /* Frameworks */,
			);
			sourceTree = "<group>";
		};
		A46FE01E2BD6EFC50045977A /* Products */ = {
			isa = PBXGroup;
			children = (
				A46FE01D2BD6EFC50045977A /* Graph Theorist Sketchpad */,
				A46FE0682BD701F90045977A /* Graph */,
				A46FE0832BD705BD0045977A /* Tests */,
			);
			name = Products;
			sourceTree = "<group>";
		};
		A46FE01F2BD6EFC50045977A /* Graph Theorist Sketchpad */ = {
			isa = PBXGroup;
			children = (
				A4751E3D2BDAE1AF00387100 /* SceneController */,
				A46FE0C72BD892820045977A /* GraphSketch */,
				A46FE0BA2BD868200045977A /* Bvh */,
				A46FE0222BD6EFC50045977A /* raylib.entitlements */,
				A46FE0242BD6EFC50045977A /* libraylib.a */,
				A46FE0622BD701B90045977A /* main.c */,
			);
			path = "Graph Theorist Sketchpad";
			sourceTree = "<group>";
		};
		A46FE0692BD701F90045977A /* Graph */ = {
			isa = PBXGroup;
			children = (
				A46FE02E2BD6F0440045977A /* Graph.h */,
				A46FE02F2BD6F0440045977A /* Graph.c */,
			);
			path = Graph;
			sourceTree = "<group>";
		};
		A46FE0842BD705BD0045977A /* Tests */ = {
			isa = PBXGroup;
			children = (
				A46FE0902BD706570045977A /* GraphTests.h */,
				A4751E282BD99FEE00387100 /* GraphSketchTests.h */,
				A46FE0962BD708F10045977A /* main.c */,
			);
			path = Tests;
			sourceTree = "<group>";
		};
		A46FE0BA2BD868200045977A /* Bvh */ = {
			isa = PBXGroup;
			children = (
				A46FE0BF2BD86BFB0045977A /* Util */,
				A46FE0BE2BD86BE20045977A /* Primitive */,
				A46FE0C02BD86C0F0045977A /* BvhTree.h */,
				A46FE0CB2BD89D4B0045977A /* BvhTreeCreateFree.c */,
				A46FE0CD2BD89ED00045977A /* BvhCheckCollision.c */,
				A46FE0C12BD86C0F0045977A /* BvhTreeDraw.c */,
			);
			path = Bvh;
			sourceTree = "<group>";
		};
		A46FE0BE2BD86BE20045977A /* Primitive */ = {
			isa = PBXGroup;
			children = (
				A46FE0BB2BD868380045977A /* Primitive.h */,
				A4751E2D2BD9A0DA00387100 /* Primitive.c */,
			);
			path = Primitive;
			sourceTree = "<group>";
		};
		A46FE0BF2BD86BFB0045977A /* Util */ = {
			isa = PBXGroup;
			children = (
				A46FE0C32BD8711D0045977A /* LongestAxis.h */,
				A46FE0C42BD8711D0045977A /* LongestAxis.c */,
			);
			path = Util;
			sourceTree = "<group>";
		};
		A46FE0C72BD892820045977A /* GraphSketch */ = {
			isa = PBXGroup;
			children = (
				A46FE0DE2BD99D890045977A /* GraphSketch.h */,
				A46FE0D52BD9901E0045977A /* GraphSketchCreateFree.c */,
				A46FE0DB2BD99B780045977A /* GraphSketchUpdate.c */,
				A46FE0D82BD99ADB0045977A /* GraphSketchDraw.c */,
			);
			path = GraphSketch;
			sourceTree = "<group>";
		};
		A4751E3B2BDABE2800387100 /* Frameworks */ = {
			isa = PBXGroup;
			children = (
			);
			name = Frameworks;
			sourceTree = "<group>";
		};
		A4751E3D2BDAE1AF00387100 /* SceneController */ = {
			isa = PBXGroup;
			children = (
				A4751E3E2BDAE1C500387100 /* SceneController.h */,
				A4751E3F2BDAE1C500387100 /* SceneController.c */,
			);
			path = SceneController;
			sourceTree = "<group>";
		};
/* End PBXGroup section */

/* Begin PBXNativeTarget section */
		A46FE01C2BD6EFC50045977A /* Graph Theorist Sketchpad */ = {
			isa = PBXNativeTarget;
			buildConfigurationList = A46FE0282BD6EFC50045977A /* Build configuration list for PBXNativeTarget "Graph Theorist Sketchpad" */;
			buildPhases = (
				A46FE0192BD6EFC50045977A /* Sources */,
				A46FE01A2BD6EFC50045977A /* Frameworks */,
				A46FE01B2BD6EFC50045977A /* CopyFiles */,
			);
			buildRules = (
			);
			dependencies = (
			);
			name = "Graph Theorist Sketchpad";
			productName = "Graph Theorist Sketchpad";
			productReference = A46FE01D2BD6EFC50045977A /* Graph Theorist Sketchpad */;
			productType = "com.apple.product-type.tool";
		};
		A46FE0672BD701F90045977A /* Graph */ = {
			isa = PBXNativeTarget;
			buildConfigurationList = A46FE06C2BD701F90045977A /* Build configuration list for PBXNativeTarget "Graph" */;
			buildPhases = (
				A46FE0642BD701F90045977A /* Sources */,
				A46FE0652BD701F90045977A /* Frameworks */,
				A46FE0662BD701F90045977A /* CopyFiles */,
			);
			buildRules = (
			);
			dependencies = (
			);
			name = Graph;
			productName = Graph;
			productReference = A46FE0682BD701F90045977A /* Graph */;
			productType = "com.apple.product-type.tool";
		};
		A46FE0822BD705BD0045977A /* Tests */ = {
			isa = PBXNativeTarget;
			buildConfigurationList = A46FE0872BD705BD0045977A /* Build configuration list for PBXNativeTarget "Tests" */;
			buildPhases = (
				A46FE07F2BD705BD0045977A /* Sources */,
				A46FE0802BD705BD0045977A /* Frameworks */,
				A46FE0812BD705BD0045977A /* CopyFiles */,
			);
			buildRules = (
			);
			dependencies = (
			);
			name = Tests;
			productName = Tests;
			productReference = A46FE0832BD705BD0045977A /* Tests */;
			productType = "com.apple.product-type.tool";
		};
/* End PBXNativeTarget section */

/* Begin PBXProject section */
		A46FE0152BD6EFC50045977A /* Project object */ = {
			isa = PBXProject;
			attributes = {
				BuildIndependentTargetsInParallel = 1;
				LastUpgradeCheck = 1530;
				TargetAttributes = {
					A46FE01C2BD6EFC50045977A = {
						CreatedOnToolsVersion = 15.3;
					};
					A46FE0672BD701F90045977A = {
						CreatedOnToolsVersion = 15.3;
					};
					A46FE0822BD705BD0045977A = {
						CreatedOnToolsVersion = 15.3;
					};
				};
			};
			buildConfigurationList = A46FE0182BD6EFC50045977A /* Build configuration list for PBXProject "Graph Theorist Sketchpad" */;
			compatibilityVersion = "Xcode 14.0";
			developmentRegion = en;
			hasScannedForEncodings = 0;
			knownRegions = (
				en,
				Base,
			);
			mainGroup = A46FE0142BD6EFC50045977A;
			productRefGroup = A46FE01E2BD6EFC50045977A /* Products */;
			projectDirPath = "";
			projectRoot = "";
			targets = (
				A46FE01C2BD6EFC50045977A /* Graph Theorist Sketchpad */,
				A46FE0672BD701F90045977A /* Graph */,
				A46FE0822BD705BD0045977A /* Tests */,
			);
		};
/* End PBXProject section */

/* Begin PBXSourcesBuildPhase section */
		A46FE0192BD6EFC50045977A /* Sources */ = {
			isa = PBXSourcesBuildPhase;
			buildActionMask = 2147483647;
			files = (
				A46FE0CC2BD89D4B0045977A /* BvhTreeCreateFree.c in Sources */,
				A46FE0C22BD86C0F0045977A /* BvhTreeDraw.c in Sources */,
				A46FE09C2BD733780045977A /* Graph.c in Sources */,
				A46FE0632BD701B90045977A /* main.c in Sources */,
				A46FE0CE2BD89ED10045977A /* BvhCheckCollision.c in Sources */,
				A46FE0DC2BD99B780045977A /* GraphSketchUpdate.c in Sources */,
				A46FE0D92BD99ADB0045977A /* GraphSketchDraw.c in Sources */,
				A46FE0C52BD8711D0045977A /* LongestAxis.c in Sources */,
				A46FE0D62BD9901E0045977A /* GraphSketchCreateFree.c in Sources */,
				A4751E2E2BD9A0DA00387100 /* Primitive.c in Sources */,
				A4751E402BDAE1C500387100 /* SceneController.c in Sources */,
			);
			runOnlyForDeploymentPostprocessing = 0;
		};
		A46FE0642BD701F90045977A /* Sources */ = {
			isa = PBXSourcesBuildPhase;
			buildActionMask = 2147483647;
			files = (
				A46FE0D72BD9901E0045977A /* GraphSketchCreateFree.c in Sources */,
				A4751E2F2BD9A0DA00387100 /* Primitive.c in Sources */,
				A46FE0DA2BD99ADB0045977A /* GraphSketchDraw.c in Sources */,
				A46FE07E2BD702300045977A /* Graph.c in Sources */,
				A46FE0972BD708F10045977A /* main.c in Sources */,
				A46FE0DD2BD99B780045977A /* GraphSketchUpdate.c in Sources */,
			);
			runOnlyForDeploymentPostprocessing = 0;
		};
		A46FE07F2BD705BD0045977A /* Sources */ = {
			isa = PBXSourcesBuildPhase;
			buildActionMask = 2147483647;
			files = (
				A4751E312BD9A3E600387100 /* LongestAxis.c in Sources */,
				A4751E322BD9A3E600387100 /* BvhTreeCreateFree.c in Sources */,
				A4751E332BD9A3E600387100 /* BvhCheckCollision.c in Sources */,
				A4751E232BD99F9300387100 /* GraphSketchCreateFree.c in Sources */,
				A4751E242BD99F9300387100 /* GraphSketchUpdate.c in Sources */,
				A46FE0992BD709F80045977A /* Graph.c in Sources */,
				A46FE0982BD708F10045977A /* main.c in Sources */,
				A4751E302BD9A0DA00387100 /* Primitive.c in Sources */,
			);
			runOnlyForDeploymentPostprocessing = 0;
		};
/* End PBXSourcesBuildPhase section */

/* Begin XCBuildConfiguration section */
		A46FE0262BD6EFC50045977A /* Debug */ = {
			isa = XCBuildConfiguration;
			buildSettings = {
				ALWAYS_SEARCH_USER_PATHS = NO;
				ASSETCATALOG_COMPILER_GENERATE_SWIFT_ASSET_SYMBOL_EXTENSIONS = YES;
				CLANG_ANALYZER_NONNULL = YES;
				CLANG_ANALYZER_NUMBER_OBJECT_CONVERSION = YES_AGGRESSIVE;
				CLANG_CXX_LANGUAGE_STANDARD = "gnu++20";
				CLANG_ENABLE_MODULES = YES;
				CLANG_ENABLE_OBJC_ARC = YES;
				CLANG_ENABLE_OBJC_WEAK = YES;
				CLANG_WARN_BLOCK_CAPTURE_AUTORELEASING = YES;
				CLANG_WARN_BOOL_CONVERSION = YES;
				CLANG_WARN_COMMA = YES;
				CLANG_WARN_CONSTANT_CONVERSION = YES;
				CLANG_WARN_DEPRECATED_OBJC_IMPLEMENTATIONS = YES;
				CLANG_WARN_DIRECT_OBJC_ISA_USAGE = YES_ERROR;
				CLANG_WARN_DOCUMENTATION_COMMENTS = YES;
				CLANG_WARN_EMPTY_BODY = YES;
				CLANG_WARN_ENUM_CONVERSION = YES;
				CLANG_WARN_INFINITE_RECURSION = YES;
				CLANG_WARN_INT_CONVERSION = YES;
				CLANG_WARN_NON_LITERAL_NULL_CONVERSION = YES;
				CLANG_WARN_OBJC_IMPLICIT_RETAIN_SELF = YES;
				CLANG_WARN_OBJC_LITERAL_CONVERSION = YES;
				CLANG_WARN_OBJC_ROOT_CLASS = YES_ERROR;
				CLANG_WARN_QUOTED_INCLUDE_IN_FRAMEWORK_HEADER = YES;
				CLANG_WARN_RANGE_LOOP_ANALYSIS = YES;
				CLANG_WARN_STRICT_PROTOTYPES = YES;
				CLANG_WARN_SUSPICIOUS_MOVE = YES;
				CLANG_WARN_UNGUARDED_AVAILABILITY = YES_AGGRESSIVE;
				CLANG_WARN_UNREACHABLE_CODE = YES;
				CLANG_WARN__DUPLICATE_METHOD_MATCH = YES;
				CODE_SIGN_ENTITLEMENTS = "Graph Theorist Sketchpad/raylib.entitlements";
				COPY_PHASE_STRIP = NO;
				DEBUG_INFORMATION_FORMAT = dwarf;
				ENABLE_STRICT_OBJC_MSGSEND = YES;
				ENABLE_TESTABILITY = YES;
				ENABLE_USER_SCRIPT_SANDBOXING = YES;
				GCC_C_LANGUAGE_STANDARD = gnu17;
				GCC_DYNAMIC_NO_PIC = NO;
				GCC_NO_COMMON_BLOCKS = YES;
				GCC_OPTIMIZATION_LEVEL = 0;
				GCC_PREPROCESSOR_DEFINITIONS = (
					"DEBUG=1",
					"$(inherited)",
				);
				GCC_WARN_64_TO_32_BIT_CONVERSION = YES;
				GCC_WARN_ABOUT_RETURN_TYPE = YES_ERROR;
				GCC_WARN_UNDECLARED_SELECTOR = YES;
				GCC_WARN_UNINITIALIZED_AUTOS = YES_AGGRESSIVE;
				GCC_WARN_UNUSED_FUNCTION = YES;
				GCC_WARN_UNUSED_VARIABLE = YES;
				HEADER_SEARCH_PATHS = "/opt/homebrew/Cellar/raylib/5.0/include/**";
				LIBRARY_SEARCH_PATHS = /opt/homebrew/Cellar/raylib/5.0/lib;
				LOCALIZATION_PREFERS_STRING_CATALOGS = YES;
				MACOSX_DEPLOYMENT_TARGET = 14.2;
				MTL_ENABLE_DEBUG_INFO = INCLUDE_SOURCE;
				MTL_FAST_MATH = YES;
				ONLY_ACTIVE_ARCH = YES;
				SDKROOT = macosx;
			};
			name = Debug;
		};
		A46FE0272BD6EFC50045977A /* Release */ = {
			isa = XCBuildConfiguration;
			buildSettings = {
				ALWAYS_SEARCH_USER_PATHS = NO;
				ASSETCATALOG_COMPILER_GENERATE_SWIFT_ASSET_SYMBOL_EXTENSIONS = YES;
				CLANG_ANALYZER_NONNULL = YES;
				CLANG_ANALYZER_NUMBER_OBJECT_CONVERSION = YES_AGGRESSIVE;
				CLANG_CXX_LANGUAGE_STANDARD = "gnu++20";
				CLANG_ENABLE_MODULES = YES;
				CLANG_ENABLE_OBJC_ARC = YES;
				CLANG_ENABLE_OBJC_WEAK = YES;
				CLANG_WARN_BLOCK_CAPTURE_AUTORELEASING = YES;
				CLANG_WARN_BOOL_CONVERSION = YES;
				CLANG_WARN_COMMA = YES;
				CLANG_WARN_CONSTANT_CONVERSION = YES;
				CLANG_WARN_DEPRECATED_OBJC_IMPLEMENTATIONS = YES;
				CLANG_WARN_DIRECT_OBJC_ISA_USAGE = YES_ERROR;
				CLANG_WARN_DOCUMENTATION_COMMENTS = YES;
				CLANG_WARN_EMPTY_BODY = YES;
				CLANG_WARN_ENUM_CONVERSION = YES;
				CLANG_WARN_INFINITE_RECURSION = YES;
				CLANG_WARN_INT_CONVERSION = YES;
				CLANG_WARN_NON_LITERAL_NULL_CONVERSION = YES;
				CLANG_WARN_OBJC_IMPLICIT_RETAIN_SELF = YES;
				CLANG_WARN_OBJC_LITERAL_CONVERSION = YES;
				CLANG_WARN_OBJC_ROOT_CLASS = YES_ERROR;
				CLANG_WARN_QUOTED_INCLUDE_IN_FRAMEWORK_HEADER = YES;
				CLANG_WARN_RANGE_LOOP_ANALYSIS = YES;
				CLANG_WARN_STRICT_PROTOTYPES = YES;
				CLANG_WARN_SUSPICIOUS_MOVE = YES;
				CLANG_WARN_UNGUARDED_AVAILABILITY = YES_AGGRESSIVE;
				CLANG_WARN_UNREACHABLE_CODE = YES;
				CLANG_WARN__DUPLICATE_METHOD_MATCH = YES;
				CODE_SIGN_ENTITLEMENTS = "Graph Theorist Sketchpad/raylib.entitlements";
				COPY_PHASE_STRIP = NO;
				DEBUG_INFORMATION_FORMAT = "dwarf-with-dsym";
				ENABLE_NS_ASSERTIONS = NO;
				ENABLE_STRICT_OBJC_MSGSEND = YES;
				ENABLE_USER_SCRIPT_SANDBOXING = YES;
				GCC_C_LANGUAGE_STANDARD = gnu17;
				GCC_NO_COMMON_BLOCKS = YES;
				GCC_WARN_64_TO_32_BIT_CONVERSION = YES;
				GCC_WARN_ABOUT_RETURN_TYPE = YES_ERROR;
				GCC_WARN_UNDECLARED_SELECTOR = YES;
				GCC_WARN_UNINITIALIZED_AUTOS = YES_AGGRESSIVE;
				GCC_WARN_UNUSED_FUNCTION = YES;
				GCC_WARN_UNUSED_VARIABLE = YES;
				HEADER_SEARCH_PATHS = "/opt/homebrew/Cellar/raylib/5.0/include/**";
				LIBRARY_SEARCH_PATHS = /opt/homebrew/Cellar/raylib/5.0/lib;
				LOCALIZATION_PREFERS_STRING_CATALOGS = YES;
				MACOSX_DEPLOYMENT_TARGET = 14.2;
				MTL_ENABLE_DEBUG_INFO = NO;
				MTL_FAST_MATH = YES;
				SDKROOT = macosx;
			};
			name = Release;
		};
		A46FE0292BD6EFC50045977A /* Debug */ = {
			isa = XCBuildConfiguration;
			buildSettings = {
				CODE_SIGN_STYLE = Automatic;
				DEVELOPMENT_TEAM = Y9MNN9CWFT;
				ENABLE_HARDENED_RUNTIME = YES;
				HEADER_SEARCH_PATHS = (
					/opt/homebrew/Cellar/raylib/5.0/include,
					/Users/benjaminschreiber/src/raygui/src,
				);
				PRODUCT_NAME = "$(TARGET_NAME)";
			};
			name = Debug;
		};
		A46FE02A2BD6EFC50045977A /* Release */ = {
			isa = XCBuildConfiguration;
			buildSettings = {
				CODE_SIGN_STYLE = Automatic;
				DEVELOPMENT_TEAM = Y9MNN9CWFT;
				ENABLE_HARDENED_RUNTIME = YES;
				HEADER_SEARCH_PATHS = (
					/opt/homebrew/Cellar/raylib/5.0/include,
					/Users/benjaminschreiber/src/raygui/src,
				);
				PRODUCT_NAME = "$(TARGET_NAME)";
			};
			name = Release;
		};
		A46FE06D2BD701F90045977A /* Debug */ = {
			isa = XCBuildConfiguration;
			buildSettings = {
				CODE_SIGN_STYLE = Automatic;
				DEVELOPMENT_TEAM = Y9MNN9CWFT;
				ENABLE_HARDENED_RUNTIME = YES;
				HEADER_SEARCH_PATHS = "/opt/homebrew/Cellar/raylib/5.0/include/**";
				PRODUCT_NAME = "$(TARGET_NAME)";
			};
			name = Debug;
		};
		A46FE06E2BD701F90045977A /* Release */ = {
			isa = XCBuildConfiguration;
			buildSettings = {
				CODE_SIGN_STYLE = Automatic;
				DEVELOPMENT_TEAM = Y9MNN9CWFT;
				ENABLE_HARDENED_RUNTIME = YES;
				HEADER_SEARCH_PATHS = "/opt/homebrew/Cellar/raylib/5.0/include/**";
				PRODUCT_NAME = "$(TARGET_NAME)";
			};
			name = Release;
		};
		A46FE0882BD705BD0045977A /* Debug */ = {
			isa = XCBuildConfiguration;
			buildSettings = {
				CODE_SIGN_STYLE = Automatic;
				DEVELOPMENT_TEAM = Y9MNN9CWFT;
				ENABLE_HARDENED_RUNTIME = YES;
				HEADER_SEARCH_PATHS = (
					"/opt/homebrew/Cellar/raylib/5.0/include/**",
					"../Graph/**",
					"\"/Users/benjaminschreiber/projects/Graph Theorist Sketchpad/Graph\"/**",
				);
				PRODUCT_NAME = "$(TARGET_NAME)";
			};
			name = Debug;
		};
		A46FE0892BD705BD0045977A /* Release */ = {
			isa = XCBuildConfiguration;
			buildSettings = {
				CODE_SIGN_STYLE = Automatic;
				DEVELOPMENT_TEAM = Y9MNN9CWFT;
				ENABLE_HARDENED_RUNTIME = YES;
				HEADER_SEARCH_PATHS = (
					"/opt/homebrew/Cellar/raylib/5.0/include/**",
					"../Graph/**",
					"\"/Users/benjaminschreiber/projects/Graph Theorist Sketchpad/Graph\"/**",
				);
				PRODUCT_NAME = "$(TARGET_NAME)";
			};
			name = Release;
		};
/* End XCBuildConfiguration section */

/* Begin XCConfigurationList section */
		A46FE0182BD6EFC50045977A /* Build configuration list for PBXProject "Graph Theorist Sketchpad" */ = {
			isa = XCConfigurationList;
			buildConfigurations = (
				A46FE0262BD6EFC50045977A /* Debug */,
				A46FE0272BD6EFC50045977A /* Release */,
			);
			defaultConfigurationIsVisible = 0;
			defaultConfigurationName = Release;
		};
		A46FE0282BD6EFC50045977A /* Build configuration list for PBXNativeTarget "Graph Theorist Sketchpad" */ = {
			isa = XCConfigurationList;
			buildConfigurations = (
				A46FE0292BD6EFC50045977A /* Debug */,
				A46FE02A2BD6EFC50045977A /* Release */,
			);
			defaultConfigurationIsVisible = 0;
			defaultConfigurationName = Release;
		};
		A46FE06C2BD701F90045977A /* Build configuration list for PBXNativeTarget "Graph" */ = {
			isa = XCConfigurationList;
			buildConfigurations = (
				A46FE06D2BD701F90045977A /* Debug */,
				A46FE06E2BD701F90045977A /* Release */,
			);
			defaultConfigurationIsVisible = 0;
			defaultConfigurationName = Release;
		};
		A46FE0872BD705BD0045977A /* Build configuration list for PBXNativeTarget "Tests" */ = {
			isa = XCConfigurationList;
			buildConfigurations = (
				A46FE0882BD705BD0045977A /* Debug */,
				A46FE0892BD705BD0045977A /* Release */,
			);
			defaultConfigurationIsVisible = 0;
			defaultConfigurationName = Release;
		};
/* End XCConfigurationList section */
	};
	rootObject = A46FE0152BD6EFC50045977A /* Project object */;
}
